
Microsoft Visual Studio Solution File, Format Version 12.00
# Visual Studio 15
VisualStudioVersion = 15.0.28010.2048
MinimumVisualStudioVersion = 10.0.40219.1
Project("{FAE04EC0-301F-11D3-BF4B-00C04F79EFBC}") = "DotNetShopping", "DotNetShopping\DotNetShopping.csproj", "{0A10DAB3-546E-45D0-9C16-08DC840133B9}"
EndProject
Global
	GlobalSection(SolutionConfigurationPlatforms) = preSolution
		Debug|Any CPU = Debug|Any CPU
		Release|Any CPU = Release|Any CPU
	EndGlobalSection
	GlobalSection(ProjectConfigurationPlatforms) = postSolution
		{0A10DAB3-546E-45D0-9C16-08DC840133B9}.Debug|Any CPU.ActiveCfg = Debug|Any CPU
		{0A10DAB3-546E-45D0-9C16-08DC840133B9}.Debug|Any CPU.Build.0 = Debug|Any CPU
		{0A10DAB3-546E-45D0-9C16-08DC840133B9}.Release|Any CPU.ActiveCfg = Release|Any CPU
		{0A10DAB3-546E-45D0-9C16-08DC840133B9}.Release|Any CPU.Build.0 = Release|Any CPU
	EndGlobalSection
	GlobalSection(SolutionProperties) = preSolution
		HideSolutionNode = FALSE
	EndGlobalSection
	GlobalSection(ExtensibilityGlobals) = postSolution
		SolutionGuid = {02D24275-D2D1-4F71-8A50-17E505CC0E15}
	EndGlobalSection
EndGlobal
