
Microsoft Visual Studio Solution File, Format Version 12.00
# Visual Studio 15
VisualStudioVersion = 15.0.28010.2048
MinimumVisualStudioVersion = 10.0.40219.1
Project("{FAE04EC0-301F-11D3-BF4B-00C04F79EFBC}") = "alms", "alms\alms.csproj", "{A36AD058-134B-4FC1-BAFF-81A91ED7C7F5}"
EndProject
Global
	GlobalSection(SolutionConfigurationPlatforms) = preSolution
		Debug|Any CPU = Debug|Any CPU
		Release|Any CPU = Release|Any CPU
	EndGlobalSection
	GlobalSection(ProjectConfigurationPlatforms) = postSolution
		{A36AD058-134B-4FC1-BAFF-81A91ED7C7F5}.Debug|Any CPU.ActiveCfg = Debug|Any CPU
		{A36AD058-134B-4FC1-BAFF-81A91ED7C7F5}.Debug|Any CPU.Build.0 = Debug|Any CPU
		{A36AD058-134B-4FC1-BAFF-81A91ED7C7F5}.Release|Any CPU.ActiveCfg = Release|Any CPU
		{A36AD058-134B-4FC1-BAFF-81A91ED7C7F5}.Release|Any CPU.Build.0 = Release|Any CPU
	EndGlobalSection
	GlobalSection(SolutionProperties) = preSolution
		HideSolutionNode = FALSE
	EndGlobalSection
	GlobalSection(ExtensibilityGlobals) = postSolution
		SolutionGuid = {CFD578E7-F65C-4412-B152-59BF26F9060D}
	EndGlobalSection
EndGlobal
