
Microsoft Visual Studio Solution File, Format Version 12.00
# Visual Studio 15
VisualStudioVersion = 15.0.28010.2048
MinimumVisualStudioVersion = 10.0.40219.1
Project("{FAE04EC0-301F-11D3-BF4B-00C04F79EFBC}") = "yilan uygulamasi 2", "yilan uygulamasi 2\yilan uygulamasi 2.csproj", "{7CDD1424-FA73-4EC6-BBA9-1089BF0B79B0}"
EndProject
Global
	GlobalSection(SolutionConfigurationPlatforms) = preSolution
		Debug|Any CPU = Debug|Any CPU
		Release|Any CPU = Release|Any CPU
	EndGlobalSection
	GlobalSection(ProjectConfigurationPlatforms) = postSolution
		{7CDD1424-FA73-4EC6-BBA9-1089BF0B79B0}.Debug|Any CPU.ActiveCfg = Debug|Any CPU
		{7CDD1424-FA73-4EC6-BBA9-1089BF0B79B0}.Debug|Any CPU.Build.0 = Debug|Any CPU
		{7CDD1424-FA73-4EC6-BBA9-1089BF0B79B0}.Release|Any CPU.ActiveCfg = Release|Any CPU
		{7CDD1424-FA73-4EC6-BBA9-1089BF0B79B0}.Release|Any CPU.Build.0 = Release|Any CPU
	EndGlobalSection
	GlobalSection(SolutionProperties) = preSolution
		HideSolutionNode = FALSE
	EndGlobalSection
	GlobalSection(ExtensibilityGlobals) = postSolution
		SolutionGuid = {FAEC83A8-3E5D-4585-9921-956250B506D0}
	EndGlobalSection
EndGlobal
